
Microsoft Visual Studio Solution File, Format Version 12.00
# Visual Studio Version 17
VisualStudioVersion = 17.5.33516.290
MinimumVisualStudioVersion = 10.0.40219.1
Project("{FAE04EC0-301F-11D3-BF4B-00C04F79EFBC}") = "ReverseString", "ReverseString\ReverseString.csproj", "{9AD8F229-9824-4688-B681-29E24AA9CFDE}"
EndProject
Global
	GlobalSection(SolutionConfigurationPlatforms) = preSolution
		Debug|Any CPU = Debug|Any CPU
		Release|Any CPU = Release|Any CPU
	EndGlobalSection
	GlobalSection(ProjectConfigurationPlatforms) = postSolution
		{9AD8F229-9824-4688-B681-29E24AA9CFDE}.Debug|Any CPU.ActiveCfg = Debug|Any CPU
		{9AD8F229-9824-4688-B681-29E24AA9CFDE}.Debug|Any CPU.Build.0 = Debug|Any CPU
		{9AD8F229-9824-4688-B681-29E24AA9CFDE}.Release|Any CPU.ActiveCfg = Release|Any CPU
		{9AD8F229-9824-4688-B681-29E24AA9CFDE}.Release|Any CPU.Build.0 = Release|Any CPU
	EndGlobalSection
	GlobalSection(SolutionProperties) = preSolution
		HideSolutionNode = FALSE
	EndGlobalSection
	GlobalSection(ExtensibilityGlobals) = postSolution
		SolutionGuid = {1A909A55-6839-4997-AE77-0A39F381ACA3}
	EndGlobalSection
EndGlobal
